
Microsoft Visual Studio Solution File, Format Version 12.00
# Visual Studio 2017
Project("{FAE04EC0-301F-11D3-BF4B-00C04F79EFBC}") = "Online Board", "Online Board.csproj", "{602F9330-3505-87C6-7EDA-FD9CA88AF2FB}"
EndProject
Global
	GlobalSection(SolutionConfigurationPlatforms) = preSolution
		Debug|Any CPU = Debug|Any CPU
		Release|Any CPU = Release|Any CPU
	EndGlobalSection
	GlobalSection(ProjectConfigurationPlatforms) = postSolution
		{602F9330-3505-87C6-7EDA-FD9CA88AF2FB}.Debug|Any CPU.ActiveCfg = Debug|Any CPU
		{602F9330-3505-87C6-7EDA-FD9CA88AF2FB}.Debug|Any CPU.Build.0 = Debug|Any CPU
		{602F9330-3505-87C6-7EDA-FD9CA88AF2FB}.Release|Any CPU.ActiveCfg = Release|Any CPU
		{602F9330-3505-87C6-7EDA-FD9CA88AF2FB}.Release|Any CPU.Build.0 = Release|Any CPU
	EndGlobalSection
	GlobalSection(SolutionProperties) = preSolution
		HideSolutionNode = FALSE
	EndGlobalSection
EndGlobal
